# This file is automatically @generated by Cargo.
# It is not intended for manual editing.
[[package]]
name = "aho-corasick"
version = "0.7.15"
source = "registry+https://github.com/rust-lang/crates.io-index"
checksum = "7404febffaa47dac81aa44dba71523c9d069b1bdc50a77db41195149e17f68e5"
dependencies = [
 "memchr",
]

[[package]]
name = "ansi_term"
version = "0.11.0"
source = "registry+https://github.com/rust-lang/crates.io-index"
checksum = "ee49baf6cb617b853aa8d93bf420db2383fab46d314482ca2803b40d5fde979b"
dependencies = [
 "winapi",
]

[[package]]
name = "appconfig"
version = "0.1.0"
dependencies = [
 "serde",
 "toml",
]

[[package]]
name = "argon2rs"
version = "0.2.5"
source = "registry+https://github.com/rust-lang/crates.io-index"
checksum = "3f67b0b6a86dae6e67ff4ca2b6201396074996379fba2b92ff649126f37cb392"
dependencies = [
 "blake2-rfc",
 "scoped_threadpool",
]

[[package]]
name = "arrayvec"
version = "0.4.10"
source = "registry+https://github.com/rust-lang/crates.io-index"
checksum = "92c7fb76bc8826a8b33b4ee5bb07a247a81e76764ab4d55e8f73e3a4d8808c71"
dependencies = [
 "nodrop",
]

[[package]]
name = "atty"
version = "0.2.11"
source = "registry+https://github.com/rust-lang/crates.io-index"
checksum = "9a7d5b8723950951411ee34d271d99dddcc2035a16ab25310ea2c8cfd4369652"
dependencies = [
 "libc",
 "termion",
 "winapi",
]

[[package]]
name = "autocfg"
version = "0.1.4"
source = "registry+https://github.com/rust-lang/crates.io-index"
checksum = "0e49efa51329a5fd37e7c79db4621af617cd4e3e5bc224939808d076077077bf"

[[package]]
name = "backtrace"
version = "0.3.31"
source = "registry+https://github.com/rust-lang/crates.io-index"
checksum = "e0f77aa27f55a4beb477ff6bc4d9bf72f90eb422b19c1d8e5a644b8aeb674d66"
dependencies = [
 "autocfg",
 "backtrace-sys",
 "cfg-if 0.1.9",
 "libc",
 "rustc-demangle",
]

[[package]]
name = "backtrace-sys"
version = "0.1.28"
source = "registry+https://github.com/rust-lang/crates.io-index"
checksum = "797c830ac25ccc92a7f8a7b9862bde440715531514594a6154e3d4a54dd769b6"
dependencies = [
 "cc",
 "libc",
]

[[package]]
name = "bitflags"
version = "1.1.0"
source = "registry+https://github.com/rust-lang/crates.io-index"
checksum = "3d155346769a6855b86399e9bc3814ab343cd3d62c7e985113d46a0ec3c281fd"

[[package]]
name = "blake2-rfc"
version = "0.2.18"
source = "registry+https://github.com/rust-lang/crates.io-index"
checksum = "5d6d530bdd2d52966a6d03b7a964add7ae1a288d25214066fd4b600f0f796400"
dependencies = [
 "arrayvec",
 "constant_time_eq",
]

[[package]]
name = "bstr"
version = "0.1.4"
source = "registry+https://github.com/rust-lang/crates.io-index"
checksum = "59604ece62a407dc9164732e5adea02467898954c3a5811fd2dc140af14ef15b"
dependencies = [
 "memchr",
]

[[package]]
name = "byteorder"
version = "1.3.2"
source = "registry+https://github.com/rust-lang/crates.io-index"
checksum = "a7c3dd8985a7111efc5c80b44e23ecdd8c007de8ade3b96595387e812b957cf5"

[[package]]
name = "cc"
version = "1.0.37"
source = "registry+https://github.com/rust-lang/crates.io-index"
checksum = "39f75544d7bbaf57560d2168f28fd649ff9c76153874db88bdbdfd839b1a7e7d"

[[package]]
name = "cfg-if"
version = "0.1.9"
source = "registry+https://github.com/rust-lang/crates.io-index"
checksum = "b486ce3ccf7ffd79fdeb678eac06a9e6c09fc88d33836340becb8fffe87c5e33"

[[package]]
name = "cfg-if"
version = "1.0.0"
source = "registry+https://github.com/rust-lang/crates.io-index"
checksum = "baf1de4339761588bc0619e3cbc0120ee582ebb74b53b4efbf79117bd2da40fd"

[[package]]
name = "chrono"
version = "0.4.7"
source = "registry+https://github.com/rust-lang/crates.io-index"
checksum = "77d81f58b7301084de3b958691458a53c3f7e0b1d702f77e550b6a88e3a88abe"
dependencies = [
 "libc",
 "num-integer",
 "num-traits",
 "serde",
 "time",
]

[[package]]
name = "clap"
version = "2.33.0"
source = "registry+https://github.com/rust-lang/crates.io-index"
checksum = "5067f5bb2d80ef5d68b4c87db81601f0b75bca627bc2ef76b141d7b846a3c6d9"
dependencies = [
 "ansi_term",
 "atty",
 "bitflags",
 "strsim 0.8.0",
 "textwrap",
 "unicode-width",
 "vec_map",
 "yaml-rust",
]

[[package]]
name = "clicolors-control"
version = "1.0.0"
source = "registry+https://github.com/rust-lang/crates.io-index"
checksum = "73abfd4c73d003a674ce5d2933fca6ce6c42480ea84a5ffe0a2dc39ed56300f9"
dependencies = [
 "atty",
 "lazy_static",
 "libc",
 "winapi",
]

[[package]]
name = "cloudabi"
version = "0.0.3"
source = "registry+https://github.com/rust-lang/crates.io-index"
checksum = "ddfc5b9aa5d4507acaf872de71051dfd0e309860e88966e1051e462a077aac4f"
dependencies = [
 "bitflags",
]

[[package]]
name = "console"
version = "0.7.7"
source = "registry+https://github.com/rust-lang/crates.io-index"
checksum = "8ca57c2c14b8a2bf3105bc9d15574aad80babf6a9c44b1058034cdf8bd169628"
dependencies = [
 "atty",
 "clicolors-control",
 "encode_unicode",
 "lazy_static",
 "libc",
 "parking_lot",
 "regex",
 "termios",
 "unicode-width",
 "winapi",
]

[[package]]
name = "console"
version = "0.13.0"
source = "registry+https://github.com/rust-lang/crates.io-index"
checksum = "a50aab2529019abfabfa93f1e6c41ef392f91fbf179b347a7e96abb524884a08"
dependencies = [
 "encode_unicode",
 "lazy_static",
 "libc",
 "regex",
 "terminal_size",
 "unicode-width",
 "winapi",
 "winapi-util",
]

[[package]]
name = "constant_time_eq"
version = "0.1.3"
source = "registry+https://github.com/rust-lang/crates.io-index"
checksum = "8ff012e225ce166d4422e0e78419d901719760f62ae2b7969ca6b564d1b54a9e"

[[package]]
name = "crossbeam-channel"
version = "0.3.8"
source = "registry+https://github.com/rust-lang/crates.io-index"
checksum = "0f0ed1a4de2235cabda8558ff5840bffb97fcb64c97827f354a451307df5f72b"
dependencies = [
 "crossbeam-utils",
 "smallvec",
]

[[package]]
name = "crossbeam-utils"
version = "0.6.5"
source = "registry+https://github.com/rust-lang/crates.io-index"
checksum = "f8306fcef4a7b563b76b7dd949ca48f52bc1141aa067d2ea09565f3e2652aa5c"
dependencies = [
 "cfg-if 0.1.9",
 "lazy_static",
]

[[package]]
name = "dialoguer"
version = "0.7.1"
source = "registry+https://github.com/rust-lang/crates.io-index"
checksum = "70f807b2943dc90f9747497d9d65d7e92472149be0b88bf4ce1201b4ac979c26"
dependencies = [
 "console 0.13.0",
 "lazy_static",
 "tempfile",
 "zeroize",
]

[[package]]
name = "dirs"
version = "1.0.5"
source = "registry+https://github.com/rust-lang/crates.io-index"
checksum = "3fd78930633bd1c6e35c4b42b1df7b0cbc6bc191146e512bb3bedf243fcc3901"
dependencies = [
 "libc",
 "redox_users",
 "winapi",
]

[[package]]
name = "either"
version = "1.5.2"
source = "registry+https://github.com/rust-lang/crates.io-index"
checksum = "5527cfe0d098f36e3f8839852688e63c8fff1c90b2b405aef730615f9a7bcf7b"

[[package]]
name = "encode_unicode"
version = "0.3.5"
source = "registry+https://github.com/rust-lang/crates.io-index"
checksum = "90b2c9496c001e8cb61827acdefad780795c42264c137744cae6f7d9e3450abd"

[[package]]
name = "export"
version = "0.1.0"
dependencies = [
 "appconfig",
 "serde_json",
 "types",
]

[[package]]
name = "failure"
version = "0.1.5"
source = "registry+https://github.com/rust-lang/crates.io-index"
checksum = "795bd83d3abeb9220f257e597aa0080a508b27533824adf336529648f6abf7e2"
dependencies = [
 "backtrace",
 "failure_derive",
]

[[package]]
name = "failure_derive"
version = "0.1.5"
source = "registry+https://github.com/rust-lang/crates.io-index"
checksum = "ea1063915fd7ef4309e222a5a07cf9c319fb9c7836b1f89b85458672dbb127e1"
dependencies = [
 "proc-macro2",
 "quote",
 "syn",
 "synstructure",
]

[[package]]
name = "fnv"
version = "1.0.6"
source = "registry+https://github.com/rust-lang/crates.io-index"
checksum = "2fad85553e09a6f881f739c29f0b00b0f01357c743266d478b68951ce23285f3"

[[package]]
name = "fuchsia-cprng"
version = "0.1.1"
source = "registry+https://github.com/rust-lang/crates.io-index"
checksum = "a06f77d526c1a601b7c4cdd98f54b5eaabffc14d5f2f0296febdc7f357c6d3ba"

[[package]]
name = "getrandom"
version = "0.2.2"
source = "registry+https://github.com/rust-lang/crates.io-index"
checksum = "c9495705279e7140bf035dde1f6e750c162df8b625267cd52cc44e0b156732c8"
dependencies = [
 "cfg-if 1.0.0",
 "libc",
 "wasi",
]

[[package]]
name = "globset"
version = "0.4.3"
source = "registry+https://github.com/rust-lang/crates.io-index"
checksum = "ef4feaabe24a0a658fd9cf4a9acf6ed284f045c77df0f49020ba3245cfb7b454"
dependencies = [
 "aho-corasick",
 "bstr",
 "fnv",
 "log",
 "regex",
]

[[package]]
name = "ignore"
version = "0.4.7"
source = "registry+https://github.com/rust-lang/crates.io-index"
checksum = "8dc57fa12805f367736a38541ac1a9fc6a52812a0ca959b1d4d4b640a89eb002"
dependencies = [
 "crossbeam-channel",
 "globset",
 "lazy_static",
 "log",
 "memchr",
 "regex",
 "same-file",
 "thread_local 0.3.6",
 "walkdir",
 "winapi-util",
]

[[package]]
name = "indicatif"
version = "0.11.0"
source = "registry+https://github.com/rust-lang/crates.io-index"
checksum = "2c60da1c9abea75996b70a931bba6c750730399005b61ccd853cee50ef3d0d0c"
dependencies = [
 "console 0.7.7",
 "lazy_static",
 "number_prefix",
 "parking_lot",
 "regex",
]

[[package]]
name = "itertools"
version = "0.8.0"
source = "registry+https://github.com/rust-lang/crates.io-index"
checksum = "5b8467d9c1cebe26feb08c640139247fac215782d35371ade9a2136ed6085358"
dependencies = [
 "either",
]

[[package]]
name = "itoa"
version = "0.4.4"
source = "registry+https://github.com/rust-lang/crates.io-index"
checksum = "501266b7edd0174f8530248f87f99c88fbe60ca4ef3dd486835b8d8d53136f7f"

[[package]]
name = "lazy_static"
version = "1.3.0"
source = "registry+https://github.com/rust-lang/crates.io-index"
checksum = "bc5729f27f159ddd61f4df6228e827e86643d4d3e7c32183cb30a1c08f604a14"

[[package]]
name = "libc"
version = "0.2.86"
source = "registry+https://github.com/rust-lang/crates.io-index"
checksum = "b7282d924be3275cec7f6756ff4121987bc6481325397dde6ba3e7802b1a8b1c"

[[package]]
name = "lock_api"
version = "0.2.0"
source = "registry+https://github.com/rust-lang/crates.io-index"
checksum = "ed946d4529956a20f2d63ebe1b69996d5a2137c91913fe3ebbeff957f5bca7ff"
dependencies = [
 "scopeguard",
]

[[package]]
name = "log"
version = "0.4.6"
source = "registry+https://github.com/rust-lang/crates.io-index"
checksum = "c84ec4b527950aa83a329754b01dbe3f58361d1c5efacd1f6d68c494d08a17c6"
dependencies = [
 "cfg-if 0.1.9",
]

[[package]]
name = "memchr"
version = "2.3.4"
source = "registry+https://github.com/rust-lang/crates.io-index"
checksum = "0ee1c47aaa256ecabcaea351eae4a9b01ef39ed810004e298d2511ed284b1525"

[[package]]
name = "nodrop"
version = "0.1.13"
source = "registry+https://github.com/rust-lang/crates.io-index"
checksum = "2f9667ddcc6cc8a43afc9b7917599d7216aa09c463919ea32c59ed6cac8bc945"

[[package]]
name = "num-integer"
version = "0.1.41"
source = "registry+https://github.com/rust-lang/crates.io-index"
checksum = "b85e541ef8255f6cf42bbfe4ef361305c6c135d10919ecc26126c4e5ae94bc09"
dependencies = [
 "autocfg",
 "num-traits",
]

[[package]]
name = "num-traits"
version = "0.2.8"
source = "registry+https://github.com/rust-lang/crates.io-index"
checksum = "6ba9a427cfca2be13aa6f6403b0b7e7368fe982bfa16fccc450ce74c46cd9b32"
dependencies = [
 "autocfg",
]

[[package]]
name = "number_prefix"
version = "0.2.8"
source = "registry+https://github.com/rust-lang/crates.io-index"
checksum = "dbf9993e59c894e3c08aa1c2712914e9e6bf1fcbfc6bef283e2183df345a4fee"
dependencies = [
 "num-traits",
]

[[package]]
name = "numtoa"
version = "0.1.0"
source = "registry+https://github.com/rust-lang/crates.io-index"
checksum = "b8f8bdf33df195859076e54ab11ee78a1b208382d3a26ec40d142ffc1ecc49ef"

[[package]]
name = "once_cell"
version = "1.5.2"
source = "registry+https://github.com/rust-lang/crates.io-index"
checksum = "13bd41f508810a131401606d54ac32a467c97172d74ba7662562ebba5ad07fa0"

[[package]]
name = "parking_lot"
version = "0.8.0"
source = "registry+https://github.com/rust-lang/crates.io-index"
checksum = "fa7767817701cce701d5585b9c4db3cdd02086398322c1d7e8bf5094a96a2ce7"
dependencies = [
 "lock_api",
 "parking_lot_core",
 "rustc_version",
]

[[package]]
name = "parking_lot_core"
version = "0.5.0"
source = "registry+https://github.com/rust-lang/crates.io-index"
checksum = "cb88cb1cb3790baa6776844f968fea3be44956cf184fa1be5a03341f5491278c"
dependencies = [
 "cfg-if 0.1.9",
 "cloudabi",
 "libc",
 "rand 0.6.5",
 "redox_syscall 0.1.54",
 "rustc_version",
 "smallvec",
 "winapi",
]

[[package]]
name = "ppv-lite86"
version = "0.2.10"
source = "registry+https://github.com/rust-lang/crates.io-index"
checksum = "ac74c624d6b2d21f425f752262f42188365d7b8ff1aff74c82e45136510a4857"

[[package]]
name = "proc-macro2"
version = "0.4.30"
source = "registry+https://github.com/rust-lang/crates.io-index"
checksum = "cf3d2011ab5c909338f7887f4fc896d35932e29146c12c8d01da6b22a80ba759"
dependencies = [
 "unicode-xid",
]

[[package]]
name = "quote"
version = "0.6.12"
source = "registry+https://github.com/rust-lang/crates.io-index"
checksum = "faf4799c5d274f3868a4aae320a0a182cbd2baee377b378f080e16a23e9d80db"
dependencies = [
 "proc-macro2",
]

[[package]]
name = "rand"
version = "0.6.5"
source = "registry+https://github.com/rust-lang/crates.io-index"
checksum = "6d71dacdc3c88c1fde3885a3be3fbab9f35724e6ce99467f7d9c5026132184ca"
dependencies = [
 "autocfg",
 "libc",
 "rand_chacha 0.1.1",
 "rand_core 0.4.0",
 "rand_hc 0.1.0",
 "rand_isaac",
 "rand_jitter",
 "rand_os",
 "rand_pcg",
 "rand_xorshift",
 "winapi",
]

[[package]]
name = "rand"
version = "0.8.3"
source = "registry+https://github.com/rust-lang/crates.io-index"
checksum = "0ef9e7e66b4468674bfcb0c81af8b7fa0bb154fa9f28eb840da5c447baeb8d7e"
dependencies = [
 "libc",
 "rand_chacha 0.3.0",
 "rand_core 0.6.2",
 "rand_hc 0.3.0",
]

[[package]]
name = "rand_chacha"
version = "0.1.1"
source = "registry+https://github.com/rust-lang/crates.io-index"
checksum = "556d3a1ca6600bfcbab7c7c91ccb085ac7fbbcd70e008a98742e7847f4f7bcef"
dependencies = [
 "autocfg",
 "rand_core 0.3.1",
]

[[package]]
name = "rand_chacha"
version = "0.3.0"
source = "registry+https://github.com/rust-lang/crates.io-index"
checksum = "e12735cf05c9e10bf21534da50a147b924d555dc7a547c42e6bb2d5b6017ae0d"
dependencies = [
 "ppv-lite86",
 "rand_core 0.6.2",
]

[[package]]
name = "rand_core"
version = "0.3.1"
source = "registry+https://github.com/rust-lang/crates.io-index"
checksum = "7a6fdeb83b075e8266dcc8762c22776f6877a63111121f5f8c7411e5be7eed4b"
dependencies = [
 "rand_core 0.4.0",
]

[[package]]
name = "rand_core"
version = "0.4.0"
source = "registry+https://github.com/rust-lang/crates.io-index"
checksum = "d0e7a549d590831370895ab7ba4ea0c1b6b011d106b5ff2da6eee112615e6dc0"

[[package]]
name = "rand_core"
version = "0.6.2"
source = "registry+https://github.com/rust-lang/crates.io-index"
checksum = "34cf66eb183df1c5876e2dcf6b13d57340741e8dc255b48e40a26de954d06ae7"
dependencies = [
 "getrandom",
]

[[package]]
name = "rand_hc"
version = "0.1.0"
source = "registry+https://github.com/rust-lang/crates.io-index"
checksum = "7b40677c7be09ae76218dc623efbf7b18e34bced3f38883af07bb75630a21bc4"
dependencies = [
 "rand_core 0.3.1",
]

[[package]]
name = "rand_hc"
version = "0.3.0"
source = "registry+https://github.com/rust-lang/crates.io-index"
checksum = "3190ef7066a446f2e7f42e239d161e905420ccab01eb967c9eb27d21b2322a73"
dependencies = [
 "rand_core 0.6.2",
]

[[package]]
name = "rand_isaac"
version = "0.1.1"
source = "registry+https://github.com/rust-lang/crates.io-index"
checksum = "ded997c9d5f13925be2a6fd7e66bf1872597f759fd9dd93513dd7e92e5a5ee08"
dependencies = [
 "rand_core 0.3.1",
]

[[package]]
name = "rand_jitter"
version = "0.1.4"
source = "registry+https://github.com/rust-lang/crates.io-index"
checksum = "1166d5c91dc97b88d1decc3285bb0a99ed84b05cfd0bc2341bdf2d43fc41e39b"
dependencies = [
 "libc",
 "rand_core 0.4.0",
 "winapi",
]

[[package]]
name = "rand_os"
version = "0.1.3"
source = "registry+https://github.com/rust-lang/crates.io-index"
checksum = "7b75f676a1e053fc562eafbb47838d67c84801e38fc1ba459e8f180deabd5071"
dependencies = [
 "cloudabi",
 "fuchsia-cprng",
 "libc",
 "rand_core 0.4.0",
 "rdrand",
 "winapi",
]

[[package]]
name = "rand_pcg"
version = "0.1.2"
source = "registry+https://github.com/rust-lang/crates.io-index"
checksum = "abf9b09b01790cfe0364f52bf32995ea3c39f4d2dd011eac241d2914146d0b44"
dependencies = [
 "autocfg",
 "rand_core 0.4.0",
]

[[package]]
name = "rand_xorshift"
version = "0.1.1"
source = "registry+https://github.com/rust-lang/crates.io-index"
checksum = "cbf7e9e623549b0e21f6e97cf8ecf247c1a8fd2e8a992ae265314300b2455d5c"
dependencies = [
 "rand_core 0.3.1",
]

[[package]]
name = "rdrand"
version = "0.4.0"
source = "registry+https://github.com/rust-lang/crates.io-index"
checksum = "678054eb77286b51581ba43620cc911abf02758c91f93f479767aed0f90458b2"
dependencies = [
 "rand_core 0.3.1",
]

[[package]]
name = "redox_syscall"
version = "0.1.54"
source = "registry+https://github.com/rust-lang/crates.io-index"
checksum = "12229c14a0f65c4f1cb046a3b52047cdd9da1f4b30f8a39c5063c8bae515e252"

[[package]]
name = "redox_syscall"
version = "0.2.5"
source = "registry+https://github.com/rust-lang/crates.io-index"
checksum = "94341e4e44e24f6b591b59e47a8a027df12e008d73fd5672dbea9cc22f4507d9"
dependencies = [
 "bitflags",
]

[[package]]
name = "redox_termios"
version = "0.1.1"
source = "registry+https://github.com/rust-lang/crates.io-index"
checksum = "7e891cfe48e9100a70a3b6eb652fef28920c117d366339687bd5576160db0f76"
dependencies = [
 "redox_syscall 0.1.54",
]

[[package]]
name = "redox_users"
version = "0.3.0"
source = "registry+https://github.com/rust-lang/crates.io-index"
checksum = "3fe5204c3a17e97dde73f285d49be585df59ed84b50a872baf416e73b62c3828"
dependencies = [
 "argon2rs",
 "failure",
 "rand_os",
 "redox_syscall 0.1.54",
]

[[package]]
name = "regex"
version = "1.4.3"
source = "registry+https://github.com/rust-lang/crates.io-index"
checksum = "d9251239e129e16308e70d853559389de218ac275b515068abc96829d05b948a"
dependencies = [
 "aho-corasick",
 "memchr",
 "regex-syntax",
 "thread_local 1.1.3",
]

[[package]]
name = "regex-syntax"
version = "0.6.22"
source = "registry+https://github.com/rust-lang/crates.io-index"
checksum = "b5eb417147ba9860a96cfe72a0b93bf88fee1744b5636ec99ab20c1aa9376581"

[[package]]
name = "remove_dir_all"
version = "0.5.3"
source = "registry+https://github.com/rust-lang/crates.io-index"
checksum = "3acd125665422973a33ac9d3dd2df85edad0f4ae9b00dafb1a05e43a9f5ef8e7"
dependencies = [
 "winapi",
]

[[package]]
name = "rustc-demangle"
version = "0.1.15"
source = "registry+https://github.com/rust-lang/crates.io-index"
checksum = "a7f4dccf6f4891ebcc0c39f9b6eb1a83b9bf5d747cb439ec6fba4f3b977038af"

[[package]]
name = "rustc_version"
version = "0.2.3"
source = "registry+https://github.com/rust-lang/crates.io-index"
checksum = "138e3e0acb6c9fb258b19b67cb8abd63c00679d2851805ea151465464fe9030a"
dependencies = [
 "semver",
]

[[package]]
name = "ryu"
version = "0.2.8"
source = "registry+https://github.com/rust-lang/crates.io-index"
checksum = "b96a9549dc8d48f2c283938303c4b5a77aa29bfbc5b54b084fb1630408899a8f"

[[package]]
name = "same-file"
version = "1.0.4"
source = "registry+https://github.com/rust-lang/crates.io-index"
checksum = "8f20c4be53a8a1ff4c1f1b2bd14570d2f634628709752f0702ecdd2b3f9a5267"
dependencies = [
 "winapi-util",
]

[[package]]
name = "scoped_threadpool"
version = "0.1.9"
source = "registry+https://github.com/rust-lang/crates.io-index"
checksum = "1d51f5df5af43ab3f1360b429fa5e0152ac5ce8c0bd6485cae490332e96846a8"

[[package]]
name = "scopeguard"
version = "1.0.0"
source = "registry+https://github.com/rust-lang/crates.io-index"
checksum = "b42e15e59b18a828bbf5c58ea01debb36b9b096346de35d941dcb89009f24a0d"

[[package]]
name = "semver"
version = "0.9.0"
source = "registry+https://github.com/rust-lang/crates.io-index"
checksum = "1d7eb9ef2c18661902cc47e535f9bc51b78acd254da71d375c2f6720d9a40403"
dependencies = [
 "semver-parser",
]

[[package]]
name = "semver-parser"
version = "0.7.0"
source = "registry+https://github.com/rust-lang/crates.io-index"
checksum = "388a1df253eca08550bef6c72392cfe7c30914bf41df5269b68cbd6ff8f570a3"

[[package]]
name = "serde"
version = "1.0.92"
source = "registry+https://github.com/rust-lang/crates.io-index"
checksum = "32746bf0f26eab52f06af0d0aa1984f641341d06d8d673c693871da2d188c9be"
dependencies = [
 "serde_derive",
]

[[package]]
name = "serde_derive"
version = "1.0.92"
source = "registry+https://github.com/rust-lang/crates.io-index"
checksum = "46a3223d0c9ba936b61c0d2e3e559e3217dbfb8d65d06d26e8b3c25de38bae3e"
dependencies = [
 "proc-macro2",
 "quote",
 "syn",
]

[[package]]
name = "serde_json"
version = "1.0.39"
source = "registry+https://github.com/rust-lang/crates.io-index"
checksum = "5a23aa71d4a4d43fdbfaac00eff68ba8a06a51759a89ac3304323e800c4dd40d"
dependencies = [
 "itoa",
 "ryu",
 "serde",
]

[[package]]
name = "simplelog"
version = "0.6.0"
source = "registry+https://github.com/rust-lang/crates.io-index"
checksum = "aa9c948a5a26cd38340ddbeaa557a8c8a5ce4442408eb60453bee2bb3c84a3fb"
dependencies = [
 "chrono",
 "log",
 "term",
]

[[package]]
name = "smallvec"
version = "0.6.10"
source = "registry+https://github.com/rust-lang/crates.io-index"
checksum = "ab606a9c5e214920bb66c458cd7be8ef094f813f20fe77a54cc7dbfff220d4b7"

[[package]]
name = "strsim"
version = "0.8.0"
source = "registry+https://github.com/rust-lang/crates.io-index"
checksum = "8ea5119cdb4c55b55d432abb513a0429384878c15dde60cc77b1c99de1a95a6a"

[[package]]
name = "strsim"
version = "0.9.2"
source = "registry+https://github.com/rust-lang/crates.io-index"
checksum = "032c03039aae92b350aad2e3779c352e104d919cb192ba2fabbd7b831ce4f0f6"

[[package]]
name = "syn"
version = "0.15.36"
source = "registry+https://github.com/rust-lang/crates.io-index"
checksum = "8b4f551a91e2e3848aeef8751d0d4eec9489b6474c720fd4c55958d8d31a430c"
dependencies = [
 "proc-macro2",
 "quote",
 "unicode-xid",
]

[[package]]
name = "synstructure"
version = "0.10.2"
source = "registry+https://github.com/rust-lang/crates.io-index"
checksum = "02353edf96d6e4dc81aea2d8490a7e9db177bf8acb0e951c24940bf866cb313f"
dependencies = [
 "proc-macro2",
 "quote",
 "syn",
 "unicode-xid",
]

[[package]]
name = "tempfile"
version = "3.2.0"
source = "registry+https://github.com/rust-lang/crates.io-index"
checksum = "dac1c663cfc93810f88aed9b8941d48cabf856a1b111c29a40439018d870eb22"
dependencies = [
 "cfg-if 1.0.0",
 "libc",
 "rand 0.8.3",
 "redox_syscall 0.2.5",
 "remove_dir_all",
 "winapi",
]

[[package]]
name = "term"
version = "0.5.2"
source = "registry+https://github.com/rust-lang/crates.io-index"
checksum = "edd106a334b7657c10b7c540a0106114feadeb4dc314513e97df481d5d966f42"
dependencies = [
 "byteorder",
 "dirs",
 "winapi",
]

[[package]]
name = "terminal_size"
version = "0.1.16"
source = "registry+https://github.com/rust-lang/crates.io-index"
checksum = "86ca8ced750734db02076f44132d802af0b33b09942331f4459dde8636fd2406"
dependencies = [
 "libc",
 "winapi",
]

[[package]]
name = "termion"
version = "1.5.3"
source = "registry+https://github.com/rust-lang/crates.io-index"
checksum = "6a8fb22f7cde82c8220e5aeacb3258ed7ce996142c77cba193f203515e26c330"
dependencies = [
 "libc",
 "numtoa",
 "redox_syscall 0.1.54",
 "redox_termios",
]

[[package]]
name = "termios"
version = "0.3.1"
source = "registry+https://github.com/rust-lang/crates.io-index"
checksum = "72b620c5ea021d75a735c943269bb07d30c9b77d6ac6b236bc8b5c496ef05625"
dependencies = [
 "libc",
]

[[package]]
name = "textwrap"
version = "0.11.0"
source = "registry+https://github.com/rust-lang/crates.io-index"
checksum = "d326610f408c7a4eb6f51c37c330e496b08506c9457c9d34287ecc38809fb060"
dependencies = [
 "unicode-width",
]

[[package]]
name = "thread_local"
version = "0.3.6"
source = "registry+https://github.com/rust-lang/crates.io-index"
checksum = "c6b53e329000edc2b34dbe8545fd20e55a333362d0a321909685a19bd28c3f1b"
dependencies = [
 "lazy_static",
]

[[package]]
name = "thread_local"
version = "1.1.3"
source = "registry+https://github.com/rust-lang/crates.io-index"
checksum = "8018d24e04c95ac8790716a5987d0fec4f8b27249ffa0f7d33f1369bdfb88cbd"
dependencies = [
 "once_cell",
]

[[package]]
name = "time"
version = "0.1.42"
source = "registry+https://github.com/rust-lang/crates.io-index"
checksum = "db8dcfca086c1143c9270ac42a2bbd8a7ee477b78ac8e45b19abfb0cbede4b6f"
dependencies = [
 "libc",
 "redox_syscall 0.1.54",
 "winapi",
]

[[package]]
name = "todoco"
version = "0.4.4"
dependencies = [
 "appconfig",
 "clap",
 "export",
 "ignore",
 "indicatif",
 "log",
 "regex",
 "simplelog",
 "todofilter",
 "todoscanner",
 "toml",
 "types",
 "ui",
]

[[package]]
name = "todofilter"
version = "0.1.0"
dependencies = [
 "appconfig",
 "log",
 "todoscanner",
 "types",
]

[[package]]
name = "todoscanner"
version = "0.1.0"
dependencies = [
 "appconfig",
 "export",
 "ignore",
 "indicatif",
 "log",
 "regex",
 "types",
]

[[package]]
name = "toml"
version = "0.4.10"
source = "registry+https://github.com/rust-lang/crates.io-index"
checksum = "758664fc71a3a69038656bee8b6be6477d2a6c315a6b81f7081f591bffa4111f"
dependencies = [
 "serde",
]

[[package]]
name = "types"
version = "0.1.0"
dependencies = [
 "appconfig",
 "chrono",
 "itertools",
 "log",
 "serde",
 "serde_json",
 "strsim 0.9.2",
 "toml",
 "uuid",
]

[[package]]
name = "ui"
version = "0.1.0"
dependencies = [
 "ansi_term",
 "console 0.13.0",
 "dialoguer",
 "log",
 "todofilter",
 "types",
]

[[package]]
name = "unicode-width"
version = "0.1.5"
source = "registry+https://github.com/rust-lang/crates.io-index"
checksum = "882386231c45df4700b275c7ff55b6f3698780a650026380e72dabe76fa46526"

[[package]]
name = "unicode-xid"
version = "0.1.0"
source = "registry+https://github.com/rust-lang/crates.io-index"
checksum = "fc72304796d0818e357ead4e000d19c9c174ab23dc11093ac919054d20a6a7fc"

[[package]]
name = "uuid"
version = "0.7.4"
source = "registry+https://github.com/rust-lang/crates.io-index"
checksum = "90dbc611eb48397705a6b0f6e917da23ae517e4d127123d2cf7674206627d32a"
dependencies = [
 "rand 0.6.5",
 "serde",
]

[[package]]
name = "vec_map"
version = "0.8.1"
source = "registry+https://github.com/rust-lang/crates.io-index"
checksum = "05c78687fb1a80548ae3250346c3db86a80a7cdd77bda190189f2d0a0987c81a"

[[package]]
name = "walkdir"
version = "2.2.8"
source = "registry+https://github.com/rust-lang/crates.io-index"
checksum = "c7904a7e2bb3cdf0cf5e783f44204a85a37a93151738fa349f06680f59a98b45"
dependencies = [
 "same-file",
 "winapi",
 "winapi-util",
]

[[package]]
name = "wasi"
version = "0.10.2+wasi-snapshot-preview1"
source = "registry+https://github.com/rust-lang/crates.io-index"
checksum = "fd6fbd9a79829dd1ad0cc20627bf1ed606756a7f77edff7b66b7064f9cb327c6"

[[package]]
name = "winapi"
version = "0.3.7"
source = "registry+https://github.com/rust-lang/crates.io-index"
checksum = "f10e386af2b13e47c89e7236a7a14a086791a2b88ebad6df9bf42040195cf770"
dependencies = [
 "winapi-i686-pc-windows-gnu",
 "winapi-x86_64-pc-windows-gnu",
]

[[package]]
name = "winapi-i686-pc-windows-gnu"
version = "0.4.0"
source = "registry+https://github.com/rust-lang/crates.io-index"
checksum = "ac3b87c63620426dd9b991e5ce0329eff545bccbbb34f3be09ff6fb6ab51b7b6"

[[package]]
name = "winapi-util"
version = "0.1.5"
source = "registry+https://github.com/rust-lang/crates.io-index"
checksum = "70ec6ce85bb158151cae5e5c87f95a8e97d2c0c4b001223f33a334e3ce5de178"
dependencies = [
 "winapi",
]

[[package]]
name = "winapi-x86_64-pc-windows-gnu"
version = "0.4.0"
source = "registry+https://github.com/rust-lang/crates.io-index"
checksum = "712e227841d057c1ee1cd2fb22fa7e5a5461ae8e48fa2ca79ec42cfc1931183f"

[[package]]
name = "yaml-rust"
version = "0.3.5"
source = "registry+https://github.com/rust-lang/crates.io-index"
checksum = "e66366e18dc58b46801afbf2ca7661a9f59cc8c5962c29892b6039b4f86fa992"

[[package]]
name = "zeroize"
version = "0.9.3"
source = "registry+https://github.com/rust-lang/crates.io-index"
checksum = "45af6a010d13e4cf5b54c94ba5a2b2eba5596b9e46bf5875612d332a1f2b3f86"
